// !$*UTF8*$!
{
	archiveVersion = 1;
	classes = {
	};
	objectVersion = 55;
	objects = {

/* Begin PBXBuildFile section */
		440B221B28BBF02E00591327 /* AppDelegate.swift in Sources */ = {isa = PBXBuildFile; fileRef = 440B221A28BBF02E00591327 /* AppDelegate.swift */; };
		440B221D28BBF02E00591327 /* SceneDelegate.swift in Sources */ = {isa = PBXBuildFile; fileRef = 440B221C28BBF02E00591327 /* SceneDelegate.swift */; };
		440B221F28BBF02E00591327 /* PokedexViewController.swift in Sources */ = {isa = PBXBuildFile; fileRef = 440B221E28BBF02E00591327 /* PokedexViewController.swift */; };
		440B222428BBF02F00591327 /* Assets.xcassets in Resources */ = {isa = PBXBuildFile; fileRef = 440B222328BBF02F00591327 /* Assets.xcassets */; };
		440B222728BBF02F00591327 /* LaunchScreen.storyboard in Resources */ = {isa = PBXBuildFile; fileRef = 440B222528BBF02F00591327 /* LaunchScreen.storyboard */; };
		440B223228BBF02F00591327 /* PokedexTests.swift in Sources */ = {isa = PBXBuildFile; fileRef = 440B223128BBF02F00591327 /* PokedexTests.swift */; };
		440B223C28BBF02F00591327 /* PokedexUITests.swift in Sources */ = {isa = PBXBuildFile; fileRef = 440B223B28BBF02F00591327 /* PokedexUITests.swift */; };
		440B223E28BBF02F00591327 /* PokedexUITestsLaunchTests.swift in Sources */ = {isa = PBXBuildFile; fileRef = 440B223D28BBF02F00591327 /* PokedexUITestsLaunchTests.swift */; };
		440B224B28BBF31F00591327 /* PokemonService.swift in Sources */ = {isa = PBXBuildFile; fileRef = 440B224A28BBF31F00591327 /* PokemonService.swift */; };
		440B224F28BBF36A00591327 /* Pokemon.swift in Sources */ = {isa = PBXBuildFile; fileRef = 440B224E28BBF36A00591327 /* Pokemon.swift */; };
		440B225328BBF7BC00591327 /* pokedex.json in Resources */ = {isa = PBXBuildFile; fileRef = 440B225228BBF7BC00591327 /* pokedex.json */; };
		440B225B28BBFDFB00591327 /* PokedexViewModel.swift in Sources */ = {isa = PBXBuildFile; fileRef = 440B225A28BBFDFB00591327 /* PokedexViewModel.swift */; };
		440B225E28BBFFFA00591327 /* LoadingState.swift in Sources */ = {isa = PBXBuildFile; fileRef = 440B225D28BBFFFA00591327 /* LoadingState.swift */; };
		440B226028BC00ED00591327 /* AsyncStream+Pipe.swift in Sources */ = {isa = PBXBuildFile; fileRef = 440B225F28BC00ED00591327 /* AsyncStream+Pipe.swift */; };
		440B226228BC049300591327 /* PokedexCollectionViewCell.swift in Sources */ = {isa = PBXBuildFile; fileRef = 440B226128BC049300591327 /* PokedexCollectionViewCell.swift */; };
		440B226428BC082200591327 /* ImageService.swift in Sources */ = {isa = PBXBuildFile; fileRef = 440B226328BC082200591327 /* ImageService.swift */; };
		440B226628BC11CC00591327 /* With.swift in Sources */ = {isa = PBXBuildFile; fileRef = 440B226528BC11CC00591327 /* With.swift */; };
		440B226828BC12AC00591327 /* Theme.swift in Sources */ = {isa = PBXBuildFile; fileRef = 440B226728BC12AC00591327 /* Theme.swift */; };
		440B226A28BC3F5300591327 /* TypePillView.swift in Sources */ = {isa = PBXBuildFile; fileRef = 440B226928BC3F5300591327 /* TypePillView.swift */; };
		44968E4328BD80EE000ECCE2 /* RxCocoa in Frameworks */ = {isa = PBXBuildFile; productRef = 44968E4228BD80EE000ECCE2 /* RxCocoa */; };
		44968E4528BD80EE000ECCE2 /* RxRelay in Frameworks */ = {isa = PBXBuildFile; productRef = 44968E4428BD80EE000ECCE2 /* RxRelay */; };
		44968E4728BD80EE000ECCE2 /* RxSwift in Frameworks */ = {isa = PBXBuildFile; productRef = 44968E4628BD80EE000ECCE2 /* RxSwift */; };
		44D7564328BD95B30021AB12 /* Single+task.swift in Sources */ = {isa = PBXBuildFile; fileRef = 44D7564228BD95B30021AB12 /* Single+task.swift */; };
		44D7564528BD9EA60021AB12 /* CollectionViewFactory.swift in Sources */ = {isa = PBXBuildFile; fileRef = 44D7564428BD9EA60021AB12 /* CollectionViewFactory.swift */; };
		44D7564728BDA0150021AB12 /* DefaultPokemonCollectionView.swift in Sources */ = {isa = PBXBuildFile; fileRef = 44D7564628BDA0150021AB12 /* DefaultPokemonCollectionView.swift */; };
		44D7564928BDA01D0021AB12 /* GroupedPokemonCollectionView.swift in Sources */ = {isa = PBXBuildFile; fileRef = 44D7564828BDA01D0021AB12 /* GroupedPokemonCollectionView.swift */; };
		44D7564C28BDB2B80021AB12 /* PokemonTypeHeaderView.swift in Sources */ = {isa = PBXBuildFile; fileRef = 44D7564B28BDB2B80021AB12 /* PokemonTypeHeaderView.swift */; };
/* End PBXBuildFile section */

/* Begin PBXContainerItemProxy section */
		440B222E28BBF02F00591327 /* PBXContainerItemProxy */ = {
			isa = PBXContainerItemProxy;
			containerPortal = 440B220F28BBF02E00591327 /* Project object */;
			proxyType = 1;
			remoteGlobalIDString = 440B221628BBF02E00591327;
			remoteInfo = Pokedex;
		};
		440B223828BBF02F00591327 /* PBXContainerItemProxy */ = {
			isa = PBXContainerItemProxy;
			containerPortal = 440B220F28BBF02E00591327 /* Project object */;
			proxyType = 1;
			remoteGlobalIDString = 440B221628BBF02E00591327;
			remoteInfo = Pokedex;
		};
/* End PBXContainerItemProxy section */

/* Begin PBXFileReference section */
		440B221728BBF02E00591327 /* Pokedex.app */ = {isa = PBXFileReference; explicitFileType = wrapper.application; includeInIndex = 0; path = Pokedex.app; sourceTree = BUILT_PRODUCTS_DIR; };
		440B221A28BBF02E00591327 /* AppDelegate.swift */ = {isa = PBXFileReference; lastKnownFileType = sourcecode.swift; path = AppDelegate.swift; sourceTree = "<group>"; };
		440B221C28BBF02E00591327 /* SceneDelegate.swift */ = {isa = PBXFileReference; lastKnownFileType = sourcecode.swift; path = SceneDelegate.swift; sourceTree = "<group>"; };
		440B221E28BBF02E00591327 /* PokedexViewController.swift */ = {isa = PBXFileReference; lastKnownFileType = sourcecode.swift; path = PokedexViewController.swift; sourceTree = "<group>"; };
		440B222328BBF02F00591327 /* Assets.xcassets */ = {isa = PBXFileReference; lastKnownFileType = folder.assetcatalog; path = Assets.xcassets; sourceTree = "<group>"; };
		440B222628BBF02F00591327 /* Base */ = {isa = PBXFileReference; lastKnownFileType = file.storyboard; name = Base; path = Base.lproj/LaunchScreen.storyboard; sourceTree = "<group>"; };
		440B222828BBF02F00591327 /* Info.plist */ = {isa = PBXFileReference; lastKnownFileType = text.plist.xml; path = Info.plist; sourceTree = "<group>"; };
		440B222D28BBF02F00591327 /* PokedexTests.xctest */ = {isa = PBXFileReference; explicitFileType = wrapper.cfbundle; includeInIndex = 0; path = PokedexTests.xctest; sourceTree = BUILT_PRODUCTS_DIR; };
		440B223128BBF02F00591327 /* PokedexTests.swift */ = {isa = PBXFileReference; lastKnownFileType = sourcecode.swift; path = PokedexTests.swift; sourceTree = "<group>"; };
		440B223728BBF02F00591327 /* PokedexUITests.xctest */ = {isa = PBXFileReference; explicitFileType = wrapper.cfbundle; includeInIndex = 0; path = PokedexUITests.xctest; sourceTree = BUILT_PRODUCTS_DIR; };
		440B223B28BBF02F00591327 /* PokedexUITests.swift */ = {isa = PBXFileReference; lastKnownFileType = sourcecode.swift; path = PokedexUITests.swift; sourceTree = "<group>"; };
		440B223D28BBF02F00591327 /* PokedexUITestsLaunchTests.swift */ = {isa = PBXFileReference; lastKnownFileType = sourcecode.swift; path = PokedexUITestsLaunchTests.swift; sourceTree = "<group>"; };
		440B224A28BBF31F00591327 /* PokemonService.swift */ = {isa = PBXFileReference; lastKnownFileType = sourcecode.swift; path = PokemonService.swift; sourceTree = "<group>"; };
		440B224E28BBF36A00591327 /* Pokemon.swift */ = {isa = PBXFileReference; lastKnownFileType = sourcecode.swift; path = Pokemon.swift; sourceTree = "<group>"; };
		440B225228BBF7BC00591327 /* pokedex.json */ = {isa = PBXFileReference; fileEncoding = 4; lastKnownFileType = text.json; path = pokedex.json; sourceTree = "<group>"; };
		440B225A28BBFDFB00591327 /* PokedexViewModel.swift */ = {isa = PBXFileReference; lastKnownFileType = sourcecode.swift; path = PokedexViewModel.swift; sourceTree = "<group>"; };
		440B225D28BBFFFA00591327 /* LoadingState.swift */ = {isa = PBXFileReference; lastKnownFileType = sourcecode.swift; path = LoadingState.swift; sourceTree = "<group>"; };
		440B225F28BC00ED00591327 /* AsyncStream+Pipe.swift */ = {isa = PBXFileReference; lastKnownFileType = sourcecode.swift; path = "AsyncStream+Pipe.swift"; sourceTree = "<group>"; };
		440B226128BC049300591327 /* PokedexCollectionViewCell.swift */ = {isa = PBXFileReference; lastKnownFileType = sourcecode.swift; path = PokedexCollectionViewCell.swift; sourceTree = "<group>"; };
		440B226328BC082200591327 /* ImageService.swift */ = {isa = PBXFileReference; lastKnownFileType = sourcecode.swift; path = ImageService.swift; sourceTree = "<group>"; };
		440B226528BC11CC00591327 /* With.swift */ = {isa = PBXFileReference; lastKnownFileType = sourcecode.swift; path = With.swift; sourceTree = "<group>"; };
		440B226728BC12AC00591327 /* Theme.swift */ = {isa = PBXFileReference; lastKnownFileType = sourcecode.swift; path = Theme.swift; sourceTree = "<group>"; };
		440B226928BC3F5300591327 /* TypePillView.swift */ = {isa = PBXFileReference; lastKnownFileType = sourcecode.swift; path = TypePillView.swift; sourceTree = "<group>"; };
		44D7564228BD95B30021AB12 /* Single+task.swift */ = {isa = PBXFileReference; lastKnownFileType = sourcecode.swift; path = "Single+task.swift"; sourceTree = "<group>"; };
		44D7564428BD9EA60021AB12 /* CollectionViewFactory.swift */ = {isa = PBXFileReference; lastKnownFileType = sourcecode.swift; path = CollectionViewFactory.swift; sourceTree = "<group>"; };
		44D7564628BDA0150021AB12 /* DefaultPokemonCollectionView.swift */ = {isa = PBXFileReference; lastKnownFileType = sourcecode.swift; path = DefaultPokemonCollectionView.swift; sourceTree = "<group>"; };
		44D7564828BDA01D0021AB12 /* GroupedPokemonCollectionView.swift */ = {isa = PBXFileReference; lastKnownFileType = sourcecode.swift; path = GroupedPokemonCollectionView.swift; sourceTree = "<group>"; };
		44D7564B28BDB2B80021AB12 /* PokemonTypeHeaderView.swift */ = {isa = PBXFileReference; lastKnownFileType = sourcecode.swift; path = PokemonTypeHeaderView.swift; sourceTree = "<group>"; };
/* End PBXFileReference section */

/* Begin PBXFrameworksBuildPhase section */
		440B221428BBF02E00591327 /* Frameworks */ = {
			isa = PBXFrameworksBuildPhase;
			buildActionMask = 2147483647;
			files = (
				44968E4728BD80EE000ECCE2 /* RxSwift in Frameworks */,
				44968E4528BD80EE000ECCE2 /* RxRelay in Frameworks */,
				44968E4328BD80EE000ECCE2 /* RxCocoa in Frameworks */,
			);
			runOnlyForDeploymentPostprocessing = 0;
		};
		440B222A28BBF02F00591327 /* Frameworks */ = {
			isa = PBXFrameworksBuildPhase;
			buildActionMask = 2147483647;
			files = (
			);
			runOnlyForDeploymentPostprocessing = 0;
		};
		440B223428BBF02F00591327 /* Frameworks */ = {
			isa = PBXFrameworksBuildPhase;
			buildActionMask = 2147483647;
			files = (
			);
			runOnlyForDeploymentPostprocessing = 0;
		};
/* End PBXFrameworksBuildPhase section */

/* Begin PBXGroup section */
		440B220E28BBF02E00591327 = {
			isa = PBXGroup;
			children = (
				440B221928BBF02E00591327 /* Pokedex */,
				440B223028BBF02F00591327 /* PokedexTests */,
				440B223A28BBF02F00591327 /* PokedexUITests */,
				440B221828BBF02E00591327 /* Products */,
			);
			sourceTree = "<group>";
		};
		440B221828BBF02E00591327 /* Products */ = {
			isa = PBXGroup;
			children = (
				440B221728BBF02E00591327 /* Pokedex.app */,
				440B222D28BBF02F00591327 /* PokedexTests.xctest */,
				440B223728BBF02F00591327 /* PokedexUITests.xctest */,
			);
			name = Products;
			sourceTree = "<group>";
		};
		440B221928BBF02E00591327 /* Pokedex */ = {
			isa = PBXGroup;
			children = (
				440B221A28BBF02E00591327 /* AppDelegate.swift */,
				440B221C28BBF02E00591327 /* SceneDelegate.swift */,
				440B225228BBF7BC00591327 /* pokedex.json */,
				440B225C28BBFFEE00591327 /* Utitlities */,
				440B224D28BBF36200591327 /* Model */,
				440B224C28BBF35200591327 /* View */,
				440B222328BBF02F00591327 /* Assets.xcassets */,
				440B222528BBF02F00591327 /* LaunchScreen.storyboard */,
				440B222828BBF02F00591327 /* Info.plist */,
			);
			path = Pokedex;
			sourceTree = "<group>";
		};
		440B223028BBF02F00591327 /* PokedexTests */ = {
			isa = PBXGroup;
			children = (
				440B223128BBF02F00591327 /* PokedexTests.swift */,
			);
			path = PokedexTests;
			sourceTree = "<group>";
		};
		440B223A28BBF02F00591327 /* PokedexUITests */ = {
			isa = PBXGroup;
			children = (
				440B223B28BBF02F00591327 /* PokedexUITests.swift */,
				440B223D28BBF02F00591327 /* PokedexUITestsLaunchTests.swift */,
			);
			path = PokedexUITests;
			sourceTree = "<group>";
		};
		440B224C28BBF35200591327 /* View */ = {
			isa = PBXGroup;
			children = (
				44D7564A28BDA0280021AB12 /* UtilityViews */,
				4481EEE728BD94A4007B791B /* CollectionViews */,
				440B221E28BBF02E00591327 /* PokedexViewController.swift */,
				440B225A28BBFDFB00591327 /* PokedexViewModel.swift */,
			);
			path = View;
			sourceTree = "<group>";
		};
		440B224D28BBF36200591327 /* Model */ = {
			isa = PBXGroup;
			children = (
				440B224A28BBF31F00591327 /* PokemonService.swift */,
				440B226328BC082200591327 /* ImageService.swift */,
				440B224E28BBF36A00591327 /* Pokemon.swift */,
			);
			path = Model;
			sourceTree = "<group>";
		};
		440B225C28BBFFEE00591327 /* Utitlities */ = {
			isa = PBXGroup;
			children = (
				440B225D28BBFFFA00591327 /* LoadingState.swift */,
				440B226728BC12AC00591327 /* Theme.swift */,
				440B226528BC11CC00591327 /* With.swift */,
				440B225F28BC00ED00591327 /* AsyncStream+Pipe.swift */,
				44D7564228BD95B30021AB12 /* Single+task.swift */,
			);
			path = Utitlities;
			sourceTree = "<group>";
		};
		4481EEE728BD94A4007B791B /* CollectionViews */ = {
			isa = PBXGroup;
			children = (
				44D7564428BD9EA60021AB12 /* CollectionViewFactory.swift */,
				44D7564628BDA0150021AB12 /* DefaultPokemonCollectionView.swift */,
				44D7564828BDA01D0021AB12 /* GroupedPokemonCollectionView.swift */,
				440B226128BC049300591327 /* PokedexCollectionViewCell.swift */,
				44D7564B28BDB2B80021AB12 /* PokemonTypeHeaderView.swift */,
			);
			path = CollectionViews;
			sourceTree = "<group>";
		};
		44D7564A28BDA0280021AB12 /* UtilityViews */ = {
			isa = PBXGroup;
			children = (
				440B226928BC3F5300591327 /* TypePillView.swift */,
			);
			path = UtilityViews;
			sourceTree = "<group>";
		};
/* End PBXGroup section */

/* Begin PBXNativeTarget section */
		440B221628BBF02E00591327 /* Pokedex */ = {
			isa = PBXNativeTarget;
			buildConfigurationList = 440B224128BBF02F00591327 /* Build configuration list for PBXNativeTarget "Pokedex" */;
			buildPhases = (
				440B221328BBF02E00591327 /* Sources */,
				440B221428BBF02E00591327 /* Frameworks */,
				440B221528BBF02E00591327 /* Resources */,
			);
			buildRules = (
			);
			dependencies = (
			);
			name = Pokedex;
			packageProductDependencies = (
				44968E4228BD80EE000ECCE2 /* RxCocoa */,
				44968E4428BD80EE000ECCE2 /* RxRelay */,
				44968E4628BD80EE000ECCE2 /* RxSwift */,
			);
			productName = Pokedex;
			productReference = 440B221728BBF02E00591327 /* Pokedex.app */;
			productType = "com.apple.product-type.application";
		};
		440B222C28BBF02F00591327 /* PokedexTests */ = {
			isa = PBXNativeTarget;
			buildConfigurationList = 440B224428BBF02F00591327 /* Build configuration list for PBXNativeTarget "PokedexTests" */;
			buildPhases = (
				440B222928BBF02F00591327 /* Sources */,
				440B222A28BBF02F00591327 /* Frameworks */,
				440B222B28BBF02F00591327 /* Resources */,
			);
			buildRules = (
			);
			dependencies = (
				440B222F28BBF02F00591327 /* PBXTargetDependency */,
			);
			name = PokedexTests;
			productName = PokedexTests;
			productReference = 440B222D28BBF02F00591327 /* PokedexTests.xctest */;
			productType = "com.apple.product-type.bundle.unit-test";
		};
		440B223628BBF02F00591327 /* PokedexUITests */ = {
			isa = PBXNativeTarget;
			buildConfigurationList = 440B224728BBF02F00591327 /* Build configuration list for PBXNativeTarget "PokedexUITests" */;
			buildPhases = (
				440B223328BBF02F00591327 /* Sources */,
				440B223428BBF02F00591327 /* Frameworks */,
				440B223528BBF02F00591327 /* Resources */,
			);
			buildRules = (
			);
			dependencies = (
				440B223928BBF02F00591327 /* PBXTargetDependency */,
			);
			name = PokedexUITests;
			productName = PokedexUITests;
			productReference = 440B223728BBF02F00591327 /* PokedexUITests.xctest */;
			productType = "com.apple.product-type.bundle.ui-testing";
		};
/* End PBXNativeTarget section */

/* Begin PBXProject section */
		440B220F28BBF02E00591327 /* Project object */ = {
			isa = PBXProject;
			attributes = {
				BuildIndependentTargetsInParallel = 1;
				LastSwiftUpdateCheck = 1340;
				LastUpgradeCheck = 1340;
				TargetAttributes = {
					440B221628BBF02E00591327 = {
						CreatedOnToolsVersion = 13.4.1;
					};
					440B222C28BBF02F00591327 = {
						CreatedOnToolsVersion = 13.4.1;
						TestTargetID = 440B221628BBF02E00591327;
					};
					440B223628BBF02F00591327 = {
						CreatedOnToolsVersion = 13.4.1;
						TestTargetID = 440B221628BBF02E00591327;
					};
				};
			};
			buildConfigurationList = 440B221228BBF02E00591327 /* Build configuration list for PBXProject "Pokedex" */;
			compatibilityVersion = "Xcode 13.0";
			developmentRegion = en;
			hasScannedForEncodings = 0;
			knownRegions = (
				en,
				Base,
			);
			mainGroup = 440B220E28BBF02E00591327;
			packageReferences = (
				44968E4128BD80EE000ECCE2 /* XCRemoteSwiftPackageReference "RxSwift" */,
			);
			productRefGroup = 440B221828BBF02E00591327 /* Products */;
			projectDirPath = "";
			projectRoot = "";
			targets = (
				440B221628BBF02E00591327 /* Pokedex */,
				440B222C28BBF02F00591327 /* PokedexTests */,
				440B223628BBF02F00591327 /* PokedexUITests */,
			);
		};
/* End PBXProject section */

/* Begin PBXResourcesBuildPhase section */
		440B221528BBF02E00591327 /* Resources */ = {
			isa = PBXResourcesBuildPhase;
			buildActionMask = 2147483647;
			files = (
				440B222728BBF02F00591327 /* LaunchScreen.storyboard in Resources */,
				440B222428BBF02F00591327 /* Assets.xcassets in Resources */,
				440B225328BBF7BC00591327 /* pokedex.json in Resources */,
			);
			runOnlyForDeploymentPostprocessing = 0;
		};
		440B222B28BBF02F00591327 /* Resources */ = {
			isa = PBXResourcesBuildPhase;
			buildActionMask = 2147483647;
			files = (
			);
			runOnlyForDeploymentPostprocessing = 0;
		};
		440B223528BBF02F00591327 /* Resources */ = {
			isa = PBXResourcesBuildPhase;
			buildActionMask = 2147483647;
			files = (
			);
			runOnlyForDeploymentPostprocessing = 0;
		};
/* End PBXResourcesBuildPhase section */

/* Begin PBXSourcesBuildPhase section */
		440B221328BBF02E00591327 /* Sources */ = {
			isa = PBXSourcesBuildPhase;
			buildActionMask = 2147483647;
			files = (
				440B224F28BBF36A00591327 /* Pokemon.swift in Sources */,
				440B225E28BBFFFA00591327 /* LoadingState.swift in Sources */,
				440B226A28BC3F5300591327 /* TypePillView.swift in Sources */,
				440B221F28BBF02E00591327 /* PokedexViewController.swift in Sources */,
				440B226428BC082200591327 /* ImageService.swift in Sources */,
				440B224B28BBF31F00591327 /* PokemonService.swift in Sources */,
				440B226628BC11CC00591327 /* With.swift in Sources */,
				440B226028BC00ED00591327 /* AsyncStream+Pipe.swift in Sources */,
				44D7564328BD95B30021AB12 /* Single+task.swift in Sources */,
				440B221B28BBF02E00591327 /* AppDelegate.swift in Sources */,
				44D7564728BDA0150021AB12 /* DefaultPokemonCollectionView.swift in Sources */,
				44D7564528BD9EA60021AB12 /* CollectionViewFactory.swift in Sources */,
				440B221D28BBF02E00591327 /* SceneDelegate.swift in Sources */,
				440B226828BC12AC00591327 /* Theme.swift in Sources */,
				440B225B28BBFDFB00591327 /* PokedexViewModel.swift in Sources */,
				440B226228BC049300591327 /* PokedexCollectionViewCell.swift in Sources */,
				44D7564928BDA01D0021AB12 /* GroupedPokemonCollectionView.swift in Sources */,
				44D7564C28BDB2B80021AB12 /* PokemonTypeHeaderView.swift in Sources */,
			);
			runOnlyForDeploymentPostprocessing = 0;
		};
		440B222928BBF02F00591327 /* Sources */ = {
			isa = PBXSourcesBuildPhase;
			buildActionMask = 2147483647;
			files = (
				440B223228BBF02F00591327 /* PokedexTests.swift in Sources */,
			);
			runOnlyForDeploymentPostprocessing = 0;
		};
		440B223328BBF02F00591327 /* Sources */ = {
			isa = PBXSourcesBuildPhase;
			buildActionMask = 2147483647;
			files = (
				440B223C28BBF02F00591327 /* PokedexUITests.swift in Sources */,
				440B223E28BBF02F00591327 /* PokedexUITestsLaunchTests.swift in Sources */,
			);
			runOnlyForDeploymentPostprocessing = 0;
		};
/* End PBXSourcesBuildPhase section */

/* Begin PBXTargetDependency section */
		440B222F28BBF02F00591327 /* PBXTargetDependency */ = {
			isa = PBXTargetDependency;
			target = 440B221628BBF02E00591327 /* Pokedex */;
			targetProxy = 440B222E28BBF02F00591327 /* PBXContainerItemProxy */;
		};
		440B223928BBF02F00591327 /* PBXTargetDependency */ = {
			isa = PBXTargetDependency;
			target = 440B221628BBF02E00591327 /* Pokedex */;
			targetProxy = 440B223828BBF02F00591327 /* PBXContainerItemProxy */;
		};
/* End PBXTargetDependency section */

/* Begin PBXVariantGroup section */
		440B222528BBF02F00591327 /* LaunchScreen.storyboard */ = {
			isa = PBXVariantGroup;
			children = (
				440B222628BBF02F00591327 /* Base */,
			);
			name = LaunchScreen.storyboard;
			sourceTree = "<group>";
		};
/* End PBXVariantGroup section */

/* Begin XCBuildConfiguration section */
		440B223F28BBF02F00591327 /* Debug */ = {
			isa = XCBuildConfiguration;
			buildSettings = {
				ALWAYS_SEARCH_USER_PATHS = NO;
				CLANG_ANALYZER_NONNULL = YES;
				CLANG_ANALYZER_NUMBER_OBJECT_CONVERSION = YES_AGGRESSIVE;
				CLANG_CXX_LANGUAGE_STANDARD = "gnu++17";
				CLANG_ENABLE_MODULES = YES;
				CLANG_ENABLE_OBJC_ARC = YES;
				CLANG_ENABLE_OBJC_WEAK = YES;
				CLANG_WARN_BLOCK_CAPTURE_AUTORELEASING = YES;
				CLANG_WARN_BOOL_CONVERSION = YES;
				CLANG_WARN_COMMA = YES;
				CLANG_WARN_CONSTANT_CONVERSION = YES;
				CLANG_WARN_DEPRECATED_OBJC_IMPLEMENTATIONS = YES;
				CLANG_WARN_DIRECT_OBJC_ISA_USAGE = YES_ERROR;
				CLANG_WARN_DOCUMENTATION_COMMENTS = YES;
				CLANG_WARN_EMPTY_BODY = YES;
				CLANG_WARN_ENUM_CONVERSION = YES;
				CLANG_WARN_INFINITE_RECURSION = YES;
				CLANG_WARN_INT_CONVERSION = YES;
				CLANG_WARN_NON_LITERAL_NULL_CONVERSION = YES;
				CLANG_WARN_OBJC_IMPLICIT_RETAIN_SELF = YES;
				CLANG_WARN_OBJC_LITERAL_CONVERSION = YES;
				CLANG_WARN_OBJC_ROOT_CLASS = YES_ERROR;
				CLANG_WARN_QUOTED_INCLUDE_IN_FRAMEWORK_HEADER = YES;
				CLANG_WARN_RANGE_LOOP_ANALYSIS = YES;
				CLANG_WARN_STRICT_PROTOTYPES = YES;
				CLANG_WARN_SUSPICIOUS_MOVE = YES;
				CLANG_WARN_UNGUARDED_AVAILABILITY = YES_AGGRESSIVE;
				CLANG_WARN_UNREACHABLE_CODE = YES;
				CLANG_WARN__DUPLICATE_METHOD_MATCH = YES;
				COPY_PHASE_STRIP = NO;
				DEBUG_INFORMATION_FORMAT = dwarf;
				ENABLE_STRICT_OBJC_MSGSEND = YES;
				ENABLE_TESTABILITY = YES;
				GCC_C_LANGUAGE_STANDARD = gnu11;
				GCC_DYNAMIC_NO_PIC = NO;
				GCC_NO_COMMON_BLOCKS = YES;
				GCC_OPTIMIZATION_LEVEL = 0;
				GCC_PREPROCESSOR_DEFINITIONS = (
					"DEBUG=1",
					"$(inherited)",
				);
				GCC_WARN_64_TO_32_BIT_CONVERSION = YES;
				GCC_WARN_ABOUT_RETURN_TYPE = YES_ERROR;
				GCC_WARN_UNDECLARED_SELECTOR = YES;
				GCC_WARN_UNINITIALIZED_AUTOS = YES_AGGRESSIVE;
				GCC_WARN_UNUSED_FUNCTION = YES;
				GCC_WARN_UNUSED_VARIABLE = YES;
				IPHONEOS_DEPLOYMENT_TARGET = 15.5;
				MTL_ENABLE_DEBUG_INFO = INCLUDE_SOURCE;
				MTL_FAST_MATH = YES;
				ONLY_ACTIVE_ARCH = YES;
				SDKROOT = iphoneos;
				SWIFT_ACTIVE_COMPILATION_CONDITIONS = DEBUG;
				SWIFT_OPTIMIZATION_LEVEL = "-Onone";
			};
			name = Debug;
		};
		440B224028BBF02F00591327 /* Release */ = {
			isa = XCBuildConfiguration;
			buildSettings = {
				ALWAYS_SEARCH_USER_PATHS = NO;
				CLANG_ANALYZER_NONNULL = YES;
				CLANG_ANALYZER_NUMBER_OBJECT_CONVERSION = YES_AGGRESSIVE;
				CLANG_CXX_LANGUAGE_STANDARD = "gnu++17";
				CLANG_ENABLE_MODULES = YES;
				CLANG_ENABLE_OBJC_ARC = YES;
				CLANG_ENABLE_OBJC_WEAK = YES;
				CLANG_WARN_BLOCK_CAPTURE_AUTORELEASING = YES;
				CLANG_WARN_BOOL_CONVERSION = YES;
				CLANG_WARN_COMMA = YES;
				CLANG_WARN_CONSTANT_CONVERSION = YES;
				CLANG_WARN_DEPRECATED_OBJC_IMPLEMENTATIONS = YES;
				CLANG_WARN_DIRECT_OBJC_ISA_USAGE = YES_ERROR;
				CLANG_WARN_DOCUMENTATION_COMMENTS = YES;
				CLANG_WARN_EMPTY_BODY = YES;
				CLANG_WARN_ENUM_CONVERSION = YES;
				CLANG_WARN_INFINITE_RECURSION = YES;
				CLANG_WARN_INT_CONVERSION = YES;
				CLANG_WARN_NON_LITERAL_NULL_CONVERSION = YES;
				CLANG_WARN_OBJC_IMPLICIT_RETAIN_SELF = YES;
				CLANG_WARN_OBJC_LITERAL_CONVERSION = YES;
				CLANG_WARN_OBJC_ROOT_CLASS = YES_ERROR;
				CLANG_WARN_QUOTED_INCLUDE_IN_FRAMEWORK_HEADER = YES;
				CLANG_WARN_RANGE_LOOP_ANALYSIS = YES;
				CLANG_WARN_STRICT_PROTOTYPES = YES;
				CLANG_WARN_SUSPICIOUS_MOVE = YES;
				CLANG_WARN_UNGUARDED_AVAILABILITY = YES_AGGRESSIVE;
				CLANG_WARN_UNREACHABLE_CODE = YES;
				CLANG_WARN__DUPLICATE_METHOD_MATCH = YES;
				COPY_PHASE_STRIP = NO;
				DEBUG_INFORMATION_FORMAT = "dwarf-with-dsym";
				ENABLE_NS_ASSERTIONS = NO;
				ENABLE_STRICT_OBJC_MSGSEND = YES;
				GCC_C_LANGUAGE_STANDARD = gnu11;
				GCC_NO_COMMON_BLOCKS = YES;
				GCC_WARN_64_TO_32_BIT_CONVERSION = YES;
				GCC_WARN_ABOUT_RETURN_TYPE = YES_ERROR;
				GCC_WARN_UNDECLARED_SELECTOR = YES;
				GCC_WARN_UNINITIALIZED_AUTOS = YES_AGGRESSIVE;
				GCC_WARN_UNUSED_FUNCTION = YES;
				GCC_WARN_UNUSED_VARIABLE = YES;
				IPHONEOS_DEPLOYMENT_TARGET = 15.5;
				MTL_ENABLE_DEBUG_INFO = NO;
				MTL_FAST_MATH = YES;
				SDKROOT = iphoneos;
				SWIFT_COMPILATION_MODE = wholemodule;
				SWIFT_OPTIMIZATION_LEVEL = "-O";
				VALIDATE_PRODUCT = YES;
			};
			name = Release;
		};
		440B224228BBF02F00591327 /* Debug */ = {
			isa = XCBuildConfiguration;
			buildSettings = {
				ASSETCATALOG_COMPILER_APPICON_NAME = AppIcon;
				ASSETCATALOG_COMPILER_GLOBAL_ACCENT_COLOR_NAME = AccentColor;
				CODE_SIGN_STYLE = Automatic;
				CURRENT_PROJECT_VERSION = 1;
				DEVELOPMENT_TEAM = V94TH38R93;
				GENERATE_INFOPLIST_FILE = YES;
				INFOPLIST_FILE = Pokedex/Info.plist;
				INFOPLIST_KEY_UIApplicationSupportsIndirectInputEvents = YES;
				INFOPLIST_KEY_UILaunchStoryboardName = LaunchScreen;
				INFOPLIST_KEY_UISupportedInterfaceOrientations_iPad = "UIInterfaceOrientationPortrait UIInterfaceOrientationPortraitUpsideDown UIInterfaceOrientationLandscapeLeft UIInterfaceOrientationLandscapeRight";
				INFOPLIST_KEY_UISupportedInterfaceOrientations_iPhone = UIInterfaceOrientationPortrait;
				LD_RUNPATH_SEARCH_PATHS = (
					"$(inherited)",
					"@executable_path/Frameworks",
				);
				MARKETING_VERSION = 1.0;
				PRODUCT_BUNDLE_IDENTIFIER = com.ktan17.Pokedex;
				PRODUCT_NAME = "$(TARGET_NAME)";
				SWIFT_EMIT_LOC_STRINGS = YES;
				SWIFT_VERSION = 5.0;
				TARGETED_DEVICE_FAMILY = "1,2";
			};
			name = Debug;
		};
		440B224328BBF02F00591327 /* Release */ = {
			isa = XCBuildConfiguration;
			buildSettings = {
				ASSETCATALOG_COMPILER_APPICON_NAME = AppIcon;
				ASSETCATALOG_COMPILER_GLOBAL_ACCENT_COLOR_NAME = AccentColor;
				CODE_SIGN_STYLE = Automatic;
				CURRENT_PROJECT_VERSION = 1;
				DEVELOPMENT_TEAM = V94TH38R93;
				GENERATE_INFOPLIST_FILE = YES;
				INFOPLIST_FILE = Pokedex/Info.plist;
				INFOPLIST_KEY_UIApplicationSupportsIndirectInputEvents = YES;
				INFOPLIST_KEY_UILaunchStoryboardName = LaunchScreen;
				INFOPLIST_KEY_UISupportedInterfaceOrientations_iPad = "UIInterfaceOrientationPortrait UIInterfaceOrientationPortraitUpsideDown UIInterfaceOrientationLandscapeLeft UIInterfaceOrientationLandscapeRight";
				INFOPLIST_KEY_UISupportedInterfaceOrientations_iPhone = UIInterfaceOrientationPortrait;
				LD_RUNPATH_SEARCH_PATHS = (
					"$(inherited)",
					"@executable_path/Frameworks",
				);
				MARKETING_VERSION = 1.0;
				PRODUCT_BUNDLE_IDENTIFIER = com.ktan17.Pokedex;
				PRODUCT_NAME = "$(TARGET_NAME)";
				SWIFT_EMIT_LOC_STRINGS = YES;
				SWIFT_VERSION = 5.0;
				TARGETED_DEVICE_FAMILY = "1,2";
			};
			name = Release;
		};
		440B224528BBF02F00591327 /* Debug */ = {
			isa = XCBuildConfiguration;
			buildSettings = {
				ALWAYS_EMBED_SWIFT_STANDARD_LIBRARIES = YES;
				BUNDLE_LOADER = "$(TEST_HOST)";
				CODE_SIGN_STYLE = Automatic;
				CURRENT_PROJECT_VERSION = 1;
				DEVELOPMENT_TEAM = V94TH38R93;
				GENERATE_INFOPLIST_FILE = YES;
				IPHONEOS_DEPLOYMENT_TARGET = 15.5;
				MARKETING_VERSION = 1.0;
				PRODUCT_BUNDLE_IDENTIFIER = com.ktan17.PokedexTests;
				PRODUCT_NAME = "$(TARGET_NAME)";
				SWIFT_EMIT_LOC_STRINGS = NO;
				SWIFT_VERSION = 5.0;
				TARGETED_DEVICE_FAMILY = "1,2";
				TEST_HOST = "$(BUILT_PRODUCTS_DIR)/Pokedex.app/Pokedex";
			};
			name = Debug;
		};
		440B224628BBF02F00591327 /* Release */ = {
			isa = XCBuildConfiguration;
			buildSettings = {
				ALWAYS_EMBED_SWIFT_STANDARD_LIBRARIES = YES;
				BUNDLE_LOADER = "$(TEST_HOST)";
				CODE_SIGN_STYLE = Automatic;
				CURRENT_PROJECT_VERSION = 1;
				DEVELOPMENT_TEAM = V94TH38R93;
				GENERATE_INFOPLIST_FILE = YES;
				IPHONEOS_DEPLOYMENT_TARGET = 15.5;
				MARKETING_VERSION = 1.0;
				PRODUCT_BUNDLE_IDENTIFIER = com.ktan17.PokedexTests;
				PRODUCT_NAME = "$(TARGET_NAME)";
				SWIFT_EMIT_LOC_STRINGS = NO;
				SWIFT_VERSION = 5.0;
				TARGETED_DEVICE_FAMILY = "1,2";
				TEST_HOST = "$(BUILT_PRODUCTS_DIR)/Pokedex.app/Pokedex";
			};
			name = Release;
		};
		440B224828BBF02F00591327 /* Debug */ = {
			isa = XCBuildConfiguration;
			buildSettings = {
				ALWAYS_EMBED_SWIFT_STANDARD_LIBRARIES = YES;
				CODE_SIGN_STYLE = Automatic;
				CURRENT_PROJECT_VERSION = 1;
				DEVELOPMENT_TEAM = V94TH38R93;
				GENERATE_INFOPLIST_FILE = YES;
				MARKETING_VERSION = 1.0;
				PRODUCT_BUNDLE_IDENTIFIER = com.ktan17.PokedexUITests;
				PRODUCT_NAME = "$(TARGET_NAME)";
				SWIFT_EMIT_LOC_STRINGS = NO;
				SWIFT_VERSION = 5.0;
				TARGETED_DEVICE_FAMILY = "1,2";
				TEST_TARGET_NAME = Pokedex;
			};
			name = Debug;
		};
		440B224928BBF02F00591327 /* Release */ = {
			isa = XCBuildConfiguration;
			buildSettings = {
				ALWAYS_EMBED_SWIFT_STANDARD_LIBRARIES = YES;
				CODE_SIGN_STYLE = Automatic;
				CURRENT_PROJECT_VERSION = 1;
				DEVELOPMENT_TEAM = V94TH38R93;
				GENERATE_INFOPLIST_FILE = YES;
				MARKETING_VERSION = 1.0;
				PRODUCT_BUNDLE_IDENTIFIER = com.ktan17.PokedexUITests;
				PRODUCT_NAME = "$(TARGET_NAME)";
				SWIFT_EMIT_LOC_STRINGS = NO;
				SWIFT_VERSION = 5.0;
				TARGETED_DEVICE_FAMILY = "1,2";
				TEST_TARGET_NAME = Pokedex;
			};
			name = Release;
		};
/* End XCBuildConfiguration section */

/* Begin XCConfigurationList section */
		440B221228BBF02E00591327 /* Build configuration list for PBXProject "Pokedex" */ = {
			isa = XCConfigurationList;
			buildConfigurations = (
				440B223F28BBF02F00591327 /* Debug */,
				440B224028BBF02F00591327 /* Release */,
			);
			defaultConfigurationIsVisible = 0;
			defaultConfigurationName = Release;
		};
		440B224128BBF02F00591327 /* Build configuration list for PBXNativeTarget "Pokedex" */ = {
			isa = XCConfigurationList;
			buildConfigurations = (
				440B224228BBF02F00591327 /* Debug */,
				440B224328BBF02F00591327 /* Release */,
			);
			defaultConfigurationIsVisible = 0;
			defaultConfigurationName = Release;
		};
		440B224428BBF02F00591327 /* Build configuration list for PBXNativeTarget "PokedexTests" */ = {
			isa = XCConfigurationList;
			buildConfigurations = (
				440B224528BBF02F00591327 /* Debug */,
				440B224628BBF02F00591327 /* Release */,
			);
			defaultConfigurationIsVisible = 0;
			defaultConfigurationName = Release;
		};
		440B224728BBF02F00591327 /* Build configuration list for PBXNativeTarget "PokedexUITests" */ = {
			isa = XCConfigurationList;
			buildConfigurations = (
				440B224828BBF02F00591327 /* Debug */,
				440B224928BBF02F00591327 /* Release */,
			);
			defaultConfigurationIsVisible = 0;
			defaultConfigurationName = Release;
		};
/* End XCConfigurationList section */

/* Begin XCRemoteSwiftPackageReference section */
		44968E4128BD80EE000ECCE2 /* XCRemoteSwiftPackageReference "RxSwift" */ = {
			isa = XCRemoteSwiftPackageReference;
			repositoryURL = "https://github.com/ReactiveX/RxSwift";
			requirement = {
				kind = upToNextMajorVersion;
				minimumVersion = 6.0.0;
			};
		};
/* End XCRemoteSwiftPackageReference section */

/* Begin XCSwiftPackageProductDependency section */
		44968E4228BD80EE000ECCE2 /* RxCocoa */ = {
			isa = XCSwiftPackageProductDependency;
			package = 44968E4128BD80EE000ECCE2 /* XCRemoteSwiftPackageReference "RxSwift" */;
			productName = RxCocoa;
		};
		44968E4428BD80EE000ECCE2 /* RxRelay */ = {
			isa = XCSwiftPackageProductDependency;
			package = 44968E4128BD80EE000ECCE2 /* XCRemoteSwiftPackageReference "RxSwift" */;
			productName = RxRelay;
		};
		44968E4628BD80EE000ECCE2 /* RxSwift */ = {
			isa = XCSwiftPackageProductDependency;
			package = 44968E4128BD80EE000ECCE2 /* XCRemoteSwiftPackageReference "RxSwift" */;
			productName = RxSwift;
		};
/* End XCSwiftPackageProductDependency section */
	};
	rootObject = 440B220F28BBF02E00591327 /* Project object */;
}
